
Microsoft Visual Studio Solution File, Format Version 12.00
# Visual Studio 2013
VisualStudioVersion = 12.0.21005.1
MinimumVisualStudioVersion = 10.0.40219.1
Project("{FAE04EC0-301F-11D3-BF4B-00C04F79EFBC}") = "AdmissionTrackingApp", "AdmissionFormDemo\AdmissionTrackingApp.csproj", "{46DF7445-CDD8-4718-B094-AAEC1A311071}"
EndProject
Global
	GlobalSection(SolutionConfigurationPlatforms) = preSolution
		Debug|Any CPU = Debug|Any CPU
		Release|Any CPU = Release|Any CPU
	EndGlobalSection
	GlobalSection(ProjectConfigurationPlatforms) = postSolution
		{46DF7445-CDD8-4718-B094-AAEC1A311071}.Debug|Any CPU.ActiveCfg = Debug|Any CPU
		{46DF7445-CDD8-4718-B094-AAEC1A311071}.Debug|Any CPU.Build.0 = Debug|Any CPU
		{46DF7445-CDD8-4718-B094-AAEC1A311071}.Release|Any CPU.ActiveCfg = Release|Any CPU
		{46DF7445-CDD8-4718-B094-AAEC1A311071}.Release|Any CPU.Build.0 = Release|Any CPU
	EndGlobalSection
	GlobalSection(SolutionProperties) = preSolution
		HideSolutionNode = FALSE
	EndGlobalSection
	GlobalSection(ExtensibilityGlobals) = postSolution
		VSCustomBkgrdPaint = True
		VSUseSystemFonts = False
		VSSkinToggleButtons = True
		VSSkinFlatStyles = True
		VSTextShadow = True
		VSToolStripStyle = Mixed
		VSTargetControls = FormsAndControls
		VSStyle = Office2010 (Silver).vssf
	EndGlobalSection
EndGlobal
